Microsoft Visual Studio Solution File, Format Version 12.00
# Visual Studio Version 17
VisualStudioVersion = 17.5.2.0
MinimumVisualStudioVersion = 10.0.40219.1
Project("{FAE04EC0-301F-11D3-BF4B-00C04F79EFBC}") = "MiProyectoIvelisse", "MiProyectoIvelisse.csproj", "{FFD236C3-3469-CA56-2905-7438941DEC8D}"
EndProject
Global
	GlobalSection(SolutionConfigurationPlatforms) = preSolution
		Debug|Any CPU = Debug|Any CPU
		Release|Any CPU = Release|Any CPU
	EndGlobalSection
	GlobalSection(ProjectConfigurationPlatforms) = postSolution
		{FFD236C3-3469-CA56-2905-7438941DEC8D}.Debug|Any CPU.ActiveCfg = Debug|Any CPU
		{FFD236C3-3469-CA56-2905-7438941DEC8D}.Debug|Any CPU.Build.0 = Debug|Any CPU
		{FFD236C3-3469-CA56-2905-7438941DEC8D}.Release|Any CPU.ActiveCfg = Release|Any CPU
		{FFD236C3-3469-CA56-2905-7438941DEC8D}.Release|Any CPU.Build.0 = Release|Any CPU
	EndGlobalSection
	GlobalSection(SolutionProperties) = preSolution
		HideSolutionNode = FALSE
	EndGlobalSection
	GlobalSection(ExtensibilityGlobals) = postSolution
		SolutionGuid = {7A128AEF-BD8F-408B-B70E-9223AAA47873}
	EndGlobalSection
EndGlobal
